
Microsoft Visual Studio Solution File, Format Version 12.00
# Visual Studio Version 17
VisualStudioVersion = 17.5.002.0
MinimumVisualStudioVersion = 10.0.40219.1
Project("{9A19103F-16F7-4668-BE54-9A1E7A4F7556}") = "sistema bancario", "sistema bancario.csproj", "{C26081A6-86F0-455D-B9F4-026A51D2ABED}"
EndProject
Global
	GlobalSection(SolutionConfigurationPlatforms) = preSolution
		Debug|Any CPU = Debug|Any CPU
		Release|Any CPU = Release|Any CPU
	EndGlobalSection
	GlobalSection(ProjectConfigurationPlatforms) = postSolution
		{C26081A6-86F0-455D-B9F4-026A51D2ABED}.Debug|Any CPU.ActiveCfg = Debug|Any CPU
		{C26081A6-86F0-455D-B9F4-026A51D2ABED}.Debug|Any CPU.Build.0 = Debug|Any CPU
		{C26081A6-86F0-455D-B9F4-026A51D2ABED}.Release|Any CPU.ActiveCfg = Release|Any CPU
		{C26081A6-86F0-455D-B9F4-026A51D2ABED}.Release|Any CPU.Build.0 = Release|Any CPU
	EndGlobalSection
	GlobalSection(SolutionProperties) = preSolution
		HideSolutionNode = FALSE
	EndGlobalSection
	GlobalSection(ExtensibilityGlobals) = postSolution
		SolutionGuid = {4FFF79DB-37E2-4945-9D7A-F4A73C96154C}
	EndGlobalSection
EndGlobal
